[[package]]
name = "pytube"
version = "12.1.2"
description = "Python 3 library for downloading YouTube Videos."
category = "main"
optional = false
python-versions = ">=3.6"
develop = false

[package.source]
type = "git"
url = "https://github.com/p16m13/pytube.git"
reference = "master"
resolved_reference = "78025357f4af9d0c49d0d2a1aecd0000a67aab49"

[metadata]
lock-version = "1.1"
python-versions = "3.9"
content-hash = "93cf28b117ccf4b9bb02e4daea4ea49b2f851f078ca27ae246b79f1ad9bf979f"

[metadata.files]
pytube = []
